{
  "version": 4,
  "terraform_version": "1.5.1",
  "serial": 96,
  "lineage": "c0714380-d79a-0bd1-cf11-5a26e21c674d",
  "outputs": {
    "private-ips": {
      "value": {
        "master": "172.31.45.28",
        "node1": "172.31.40.207",
        "node2": "172.31.4.30"
      },
      "type": [
        "object",
        {
          "master": "string",
          "node1": "string",
          "node2": "string"
        }
      ]
    },
    "public-ips": {
      "value": {
        "master": "44.215.68.115",
        "node1": "44.195.85.177",
        "node2": "54.198.203.111"
      },
      "type": [
        "object",
        {
          "master": "string",
          "node1": "string",
          "node2": "string"
        }
      ]
    },
    "ssh_commands": {
      "value": {
        "master": "ssh -i ansible-key.pem ec2-user@ec2-44-215-68-115.compute-1.amazonaws.com",
        "node1": "ssh -i ansible-key.pem ec2-user@ec2-44-195-85-177.compute-1.amazonaws.com",
        "node2": "ssh -i ansible-key.pem ubuntu@ec2-54-198-203-111.compute-1.amazonaws.com"
      },
      "type": [
        "object",
        {
          "master": "string",
          "node1": "string",
          "node2": "string"
        }
      ]
    }
  },
  "resources": [
    {
      "mode": "data",
      "type": "aws_ami",
      "name": "amazon-2",
      "provider": "provider[\"registry.terraform.io/hashicorp/aws\"]",
      "instances": [
        {
          "schema_version": 0,
          "attributes": {
            "architecture": "x86_64",
            "arn": "arn:aws:ec2:us-east-1::image/ami-0fe4bd75332a821e8",
            "block_device_mappings": [
              {
                "device_name": "/dev/xvda",
                "ebs": {
                  "delete_on_termination": "true",
                  "encrypted": "false",
                  "iops": "0",
                  "snapshot_id": "snap-03e1837610e7a30c4",
                  "throughput": "0",
                  "volume_size": "8",
                  "volume_type": "standard"
                },
                "no_device": "",
                "virtual_name": ""
              }
            ],
            "boot_mode": "",
            "creation_date": "2023-10-13T23:42:35.000Z",
            "deprecation_time": "2025-07-01T00:00:00.000Z",
            "description": "Amazon Linux 2 AMI 2.0.20231012.1 x86_64 HVM ebs",
            "ena_support": true,
            "executable_users": null,
            "filter": [
              {
                "name": "name",
                "values": [
                  "amzn2-ami-hvm-*-x86_64-ebs"
                ]
              }
            ],
            "hypervisor": "xen",
            "id": "ami-0fe4bd75332a821e8",
            "image_id": "ami-0fe4bd75332a821e8",
            "image_location": "amazon/amzn2-ami-hvm-2.0.20231012.1-x86_64-ebs",
            "image_owner_alias": "amazon",
            "image_type": "machine",
            "imds_support": "",
            "include_deprecated": false,
            "kernel_id": "",
            "most_recent": true,
            "name": "amzn2-ami-hvm-2.0.20231012.1-x86_64-ebs",
            "name_regex": null,
            "owner_id": "137112412989",
            "owners": [
              "amazon"
            ],
            "platform": "",
            "platform_details": "Linux/UNIX",
            "product_codes": [],
            "public": true,
            "ramdisk_id": "",
            "root_device_name": "/dev/xvda",
            "root_device_type": "ebs",
            "root_snapshot_id": "snap-03e1837610e7a30c4",
            "sriov_net_support": "simple",
            "state": "available",
            "state_reason": {
              "code": "UNSET",
              "message": "UNSET"
            },
            "tags": {},
            "timeouts": null,
            "tpm_support": "",
            "usage_operation": "RunInstances",
            "virtualization_type": "hvm"
          },
          "sensitive_attributes": []
        }
      ]
    },
    {
      "mode": "data",
      "type": "aws_ami",
      "name": "debian",
      "provider": "provider[\"registry.terraform.io/hashicorp/aws\"]",
      "instances": [
        {
          "schema_version": 0,
          "attributes": {
            "architecture": "x86_64",
            "arn": "arn:aws:ec2:us-east-1::image/ami-0ec54fe2ec640bbc6",
            "block_device_mappings": [
              {
                "device_name": "xvda",
                "ebs": {
                  "delete_on_termination": "true",
                  "encrypted": "false",
                  "iops": "0",
                  "snapshot_id": "snap-0b984651ab7025842",
                  "throughput": "0",
                  "volume_size": "8",
                  "volume_type": "gp2"
                },
                "no_device": "",
                "virtual_name": ""
              }
            ],
            "boot_mode": "",
            "creation_date": "2022-07-01T18:31:03.000Z",
            "deprecation_time": "2024-07-01T18:31:03.000Z",
            "description": "FAI Debian Image",
            "ena_support": true,
            "executable_users": null,
            "filter": [
              {
                "name": "name",
                "values": [
                  "debian-*-hvm-*"
                ]
              }
            ],
            "hypervisor": "xen",
            "id": "ami-0ec54fe2ec640bbc6",
            "image_id": "ami-0ec54fe2ec640bbc6",
            "image_location": "379101102735/debian-stretch-hvm-x86_64-gp2-2022-07-01-66430",
            "image_owner_alias": "",
            "image_type": "machine",
            "imds_support": "",
            "include_deprecated": false,
            "kernel_id": "",
            "most_recent": true,
            "name": "debian-stretch-hvm-x86_64-gp2-2022-07-01-66430",
            "name_regex": null,
            "owner_id": "379101102735",
            "owners": [
              "379101102735"
            ],
            "platform": "",
            "platform_details": "Linux/UNIX",
            "product_codes": [],
            "public": true,
            "ramdisk_id": "",
            "root_device_name": "xvda",
            "root_device_type": "ebs",
            "root_snapshot_id": "snap-0b984651ab7025842",
            "sriov_net_support": "simple",
            "state": "available",
            "state_reason": {
              "code": "UNSET",
              "message": "UNSET"
            },
            "tags": {},
            "timeouts": null,
            "tpm_support": "",
            "usage_operation": "RunInstances",
            "virtualization_type": "hvm"
          },
          "sensitive_attributes": []
        }
      ]
    },
    {
      "mode": "data",
      "type": "aws_ami",
      "name": "ubuntu",
      "provider": "provider[\"registry.terraform.io/hashicorp/aws\"]",
      "instances": [
        {
          "schema_version": 0,
          "attributes": {
            "architecture": "arm64",
            "arn": "arn:aws:ec2:us-east-1::image/ami-0fea31578248bcd6c",
            "block_device_mappings": [
              {
                "device_name": "/dev/sda1",
                "ebs": {
                  "delete_on_termination": "true",
                  "encrypted": "false",
                  "iops": "0",
                  "snapshot_id": "snap-02e5331aba30324aa",
                  "throughput": "0",
                  "volume_size": "8",
                  "volume_type": "gp2"
                },
                "no_device": "",
                "virtual_name": ""
              },
              {
                "device_name": "/dev/sdb",
                "ebs": {},
                "no_device": "",
                "virtual_name": "ephemeral0"
              },
              {
                "device_name": "/dev/sdc",
                "ebs": {},
                "no_device": "",
                "virtual_name": "ephemeral1"
              }
            ],
            "boot_mode": "",
            "creation_date": "2023-05-31T17:00:39.000Z",
            "deprecation_time": "2025-05-31T17:00:39.000Z",
            "description": "Canonical, Ubuntu, 18.04 LTS, arm64 bionic image build on 2023-05-31",
            "ena_support": true,
            "executable_users": null,
            "filter": [
              {
                "name": "name",
                "values": [
                  "ubuntu/images/hvm-ssd/ubuntu-*-18.04*"
                ]
              }
            ],
            "hypervisor": "xen",
            "id": "ami-0fea31578248bcd6c",
            "image_id": "ami-0fea31578248bcd6c",
            "image_location": "amazon/ubuntu/images/hvm-ssd/ubuntu-bionic-18.04-arm64-server-20230531",
            "image_owner_alias": "amazon",
            "image_type": "machine",
            "imds_support": "",
            "include_deprecated": false,
            "kernel_id": "",
            "most_recent": true,
            "name": "ubuntu/images/hvm-ssd/ubuntu-bionic-18.04-arm64-server-20230531",
            "name_regex": null,
            "owner_id": "099720109477",
            "owners": [
              "099720109477"
            ],
            "platform": "",
            "platform_details": "Linux/UNIX",
            "product_codes": [],
            "public": true,
            "ramdisk_id": "",
            "root_device_name": "/dev/sda1",
            "root_device_type": "ebs",
            "root_snapshot_id": "snap-02e5331aba30324aa",
            "sriov_net_support": "simple",
            "state": "available",
            "state_reason": {
              "code": "UNSET",
              "message": "UNSET"
            },
            "tags": {},
            "timeouts": null,
            "tpm_support": "",
            "usage_operation": "RunInstances",
            "virtualization_type": "hvm"
          },
          "sensitive_attributes": []
        }
      ]
    },
    {
      "mode": "managed",
      "type": "aws_default_vpc",
      "name": "default_vpc",
      "provider": "provider[\"registry.terraform.io/hashicorp/aws\"]",
      "instances": [
        {
          "schema_version": 1,
          "attributes": {
            "arn": "arn:aws:ec2:us-east-1:650959877739:vpc/vpc-003e310721ea884ef",
            "assign_generated_ipv6_cidr_block": false,
            "cidr_block": "172.31.0.0/16",
            "default_network_acl_id": "acl-08aded5ba16278719",
            "default_route_table_id": "rtb-05ba8fb0171f0afe6",
            "default_security_group_id": "sg-0223df48da3061e25",
            "dhcp_options_id": "dopt-06703643d95ff532a",
            "enable_dns_hostnames": true,
            "enable_dns_support": true,
            "enable_network_address_usage_metrics": false,
            "existing_default_vpc": true,
            "force_destroy": false,
            "id": "vpc-003e310721ea884ef",
            "instance_tenancy": "default",
            "ipv6_association_id": "",
            "ipv6_cidr_block": "",
            "ipv6_cidr_block_network_border_group": "",
            "ipv6_ipam_pool_id": "",
            "ipv6_netmask_length": 0,
            "main_route_table_id": "rtb-05ba8fb0171f0afe6",
            "owner_id": "650959877739",
            "tags": {},
            "tags_all": {}
          },
          "sensitive_attributes": [],
          "private": "eyJzY2hlbWFfdmVyc2lvbiI6IjEifQ=="
        }
      ]
    },
    {
      "mode": "managed",
      "type": "aws_key_pair",
      "name": "ec2_key",
      "provider": "provider[\"registry.terraform.io/hashicorp/aws\"]",
      "instances": [
        {
          "schema_version": 1,
          "attributes": {
            "arn": "arn:aws:ec2:us-east-1:650959877739:key-pair/ansible-key",
            "fingerprint": "c0:21:e7:41:61:ff:e0:72:33:cb:2b:d8:52:31:60:e4",
            "id": "ansible-key",
            "key_name": "ansible-key",
            "key_name_prefix": "",
            "key_pair_id": "key-07d0d8bc8071532c9",
            "key_type": "rsa",
            "public_key": "ssh-rsa AAAAB3NzaC1yc2EAAAADAQABAAABAQDXN2qakyOptgNI0hel9f/OkkcyGPMS5p52QkBKsfL3uMz2JZllQlFKUpr+/0pDNcxrmAJ5dUVatxB0bfMgdonD8sRgPa2dysNOLL9imVw1v50f1DXbiaphAul/SEW28yvWHJ8uuuxS+shLzwfBw3Vh8KHSt9b+1CL+oBXoF/LpnqG6vtQ+u5KZSLspTk1TZjAg9Pya91UjMinlpO8HjGy+Kz5vVfnWmvhUAUhlNSH7FqB8pTmjIUT4C94vReot3Jp1T0CENnWQObjHkDq0OLYF32zKWFfTs0zlf/IikawE3aEQSmXI3fUAKqm9NyvafLG0ATL+8x3Z+CSDFGYWK+0Z",
            "tags": {},
            "tags_all": {}
          },
          "sensitive_attributes": [],
          "private": "eyJzY2hlbWFfdmVyc2lvbiI6IjEifQ==",
          "dependencies": [
            "tls_private_key.ec2_key"
          ]
        }
      ]
    },
    {
      "mode": "managed",
      "type": "aws_security_group",
      "name": "web-sg",
      "provider": "provider[\"registry.terraform.io/hashicorp/aws\"]",
      "instances": [
        {
          "schema_version": 1,
          "attributes": {
            "arn": "arn:aws:ec2:us-east-1:650959877739:security-group/sg-0190834e31f2a21a0",
            "description": "Allow ssh inbound traffic",
            "egress": [
              {
                "cidr_blocks": [
                  "0.0.0.0/0"
                ],
                "description": "",
                "from_port": 0,
                "ipv6_cidr_blocks": [],
                "prefix_list_ids": [],
                "protocol": "-1",
                "security_groups": [],
                "self": false,
                "to_port": 0
              }
            ],
            "id": "sg-0190834e31f2a21a0",
            "ingress": [
              {
                "cidr_blocks": [
                  "0.0.0.0/0"
                ],
                "description": "http port",
                "from_port": 80,
                "ipv6_cidr_blocks": [],
                "prefix_list_ids": [],
                "protocol": "tcp",
                "security_groups": [],
                "self": false,
                "to_port": 80
              },
              {
                "cidr_blocks": [
                  "0.0.0.0/0"
                ],
                "description": "ssh from VPC",
                "from_port": 22,
                "ipv6_cidr_blocks": [],
                "prefix_list_ids": [],
                "protocol": "tcp",
                "security_groups": [],
                "self": false,
                "to_port": 22
              }
            ],
            "name": "ansible-Web-SG",
            "name_prefix": "",
            "owner_id": "650959877739",
            "revoke_rules_on_delete": false,
            "tags": {
              "Name": "Ansible-sg"
            },
            "tags_all": {
              "Name": "Ansible-sg"
            },
            "timeouts": null,
            "vpc_id": "vpc-003e310721ea884ef"
          },
          "sensitive_attributes": [],
          "private": "eyJlMmJmYjczMC1lY2FhLTExZTYtOGY4OC0zNDM2M2JjN2M0YzAiOnsiY3JlYXRlIjo2MDAwMDAwMDAwMDAsImRlbGV0ZSI6OTAwMDAwMDAwMDAwfSwic2NoZW1hX3ZlcnNpb24iOiIxIn0=",
          "dependencies": [
            "aws_default_vpc.default_vpc"
          ]
        }
      ]
    },
    {
      "mode": "managed",
      "type": "local_file",
      "name": "ssh_key",
      "provider": "provider[\"registry.terraform.io/hashicorp/local\"]",
      "instances": [
        {
          "schema_version": 0,
          "attributes": {
            "content": "-----BEGIN RSA PRIVATE KEY-----\nMIIEowIBAAKCAQEA1zdqmpMjqbYDSNIXpfX/zpJHMhjzEuaedkJASrHy97jM9iWZ\nZUJRSlKa/v9KQzXMa5gCeXVFWrcQdG3zIHaJw/LEYD2tncrDTiy/YplcNb+dH9Q1\n24mqYQLpf0hFtvMr1hyfLrrsUvrIS88HwcN1YfCh0rfW/tQi/qAV6Bfy6Z6hur7U\nPruSmUi7KU5NU2YwIPT8mvdVIzIp5aTvB4xsvis+b1X51pr4VAFIZTUh+xagfKU5\noyFE+AveL0XqLdyadU9AhDZ1kDm4x5A6tDi2Bd9sylhX07NM5X/yIpGsBN2hEEpl\nyN31ACqpvTcr2nyxtAEy/vMd2fgkgxRmFivtGQIDAQABAoIBAA41m3U/N8CRwt/A\n90y+1DfoUokNOqdJ0LaQIzyLSTZv3iB2VQ1pdoKIt7EUW+vaFngYHjm0s3KM2apG\nRCIlkWz9j1enWtorM//qVmyFIaBu2Unrse6fxT8IeTAtLmUo4wEM/LmSH95OroDK\n14FEjXB8+cI23xwOF41mNmwPgLtJ3fWBoBhxvxWsno2ynyUN1rElfuesveNmPGUo\nnaZ8uQDtne9Zv4wAFEH8pLXHWh+FisS+NmEx/QawWHFGC35CJG4pnJXXnRcCkCkm\nMutvR5boO798n0ipkv5JAAUpZnwWBRQo/tghd+snaLGsfNpGmWfbSShogkAahwNQ\nVxZwSnECgYEA5kRyJAe5sJhofqV/GyI9fQ4ky9KWRzG3hJlaMYPVnDd63589My4u\nDsk7BhIRBfsi4DqO1NrynXpY+xA7JqRrN8Nqr0fawBYz7HeLzIahIgZdDoaxzvuI\nRRikaTy478TjUquUC916JYsvOw7C110Cg6LkPZVTaZzPminN3r7VmIUCgYEA70Rj\n52kCgJh4VP1hOHuHQfQ29E7ClOL6CWEOwomMmh3QkDdbC4n6eZnd8T72cOghDZFe\nF6r+L7RI2866fi3wTzZMS7Eij6JkgjKmpv8jFX7mBQ/6nopgao1gKTiXYXbpI5uN\naPCEwu/JNizvW9ckaXCe/7mh6c4A5ODMRfqL8IUCgYB21rZNsAr+f/nV+tWZjFdN\nliIZayqRva/n6DkrOs3gnKV2iblNE7VDfklO/b35Zz39mVsjsYfrDDyl/h949vw6\nwEjsA1p7LjpH/P6SZJz+cWhPWeakWx5eArS/d04+uE9V2CVE5l3myGlswlZ+TYtB\noqzGt61f4UUnXBHatoSH/QKBgD++hK8+NsBz3nsmFiSqJFrZ6VolMYng/qRJC1mg\ns6jLkKkbVlI4rFaBO7PuBlIGRegLdnnvwFCNQ2vsI5tCOeegm6r+wipqJUTaobOT\n/ZDYggePPkHGs/EvQRM6VHpO58Xoxz/R9EzK/VxFlG9vXfAJZRLULeLQU0Sm70Ul\nfurRAoGBAIYt9AnmD0YNnxhrlz9UET41XVxIq7aspcOyClwAY6nBrXIPTXEF5xx6\n8ww0ZkYH2DD8vXkn7P37cWQJut2lTNseW7hzBwOfWyN26T33GLNwFI1+ZQF11O8U\nx1YepFSuQAPL9xX+8HT+GdgnJ6F7xOfRexzaFcN17cnKjtQbBYvX\n-----END RSA PRIVATE KEY-----\n",
            "content_base64": null,
            "content_base64sha256": "GxkEwDJGDaY32vH5hfdeoY2rap8IyVGBEdYwLXYqJdA=",
            "content_base64sha512": "unfjSe44DAelY6F/trSGRBxo9nvf+S1ivXZCzl+/opAT+5S2PtS4lnAiGoF9MYBwKp1PVftLdp/DQpYSehJ8ag==",
            "content_md5": "2fa0c8e5aa32b77dfba5929b59da8bb1",
            "content_sha1": "abab971dce96f38cf82e65f57cee6c45da34b9c2",
            "content_sha256": "1b1904c032460da637daf1f985f75ea18dab6a9f08c9518111d6302d762a25d0",
            "content_sha512": "ba77e349ee380c07a563a17fb6b486441c68f67bdff92d62bd7642ce5fbfa29013fb94b63ed4b89670221a817d3180702a9d4f55fb4b769fc34296127a127c6a",
            "directory_permission": "0777",
            "file_permission": "0777",
            "filename": "ansible-key.pem",
            "id": "abab971dce96f38cf82e65f57cee6c45da34b9c2",
            "sensitive_content": null,
            "source": null
          },
          "sensitive_attributes": [
            [
              {
                "type": "get_attr",
                "value": "content"
              }
            ]
          ],
          "dependencies": [
            "tls_private_key.ec2_key"
          ]
        }
      ]
    },
    {
      "mode": "managed",
      "type": "null_resource",
      "name": "copy_ssh_key",
      "provider": "provider[\"registry.terraform.io/hashicorp/null\"]",
      "instances": [
        {
          "schema_version": 0,
          "attributes": {
            "id": "8380853982841357485",
            "triggers": null
          },
          "sensitive_attributes": [],
          "dependencies": [
            "aws_default_vpc.default_vpc",
            "aws_key_pair.ec2_key",
            "aws_security_group.web-sg",
            "data.aws_ami.amazon-2",
            "data.aws_ami.debian",
            "data.aws_ami.ubuntu",
            "module.ec2_instance.aws_iam_instance_profile.this",
            "module.ec2_instance.aws_iam_role.this",
            "module.ec2_instance.aws_iam_role_policy_attachment.this",
            "module.ec2_instance.aws_instance.ignore_ami",
            "module.ec2_instance.aws_instance.this",
            "module.ec2_instance.aws_spot_instance_request.this",
            "module.ec2_instance.data.aws_iam_policy_document.assume_role_policy",
            "module.ec2_instance.data.aws_partition.current",
            "module.ec2_instance.data.aws_ssm_parameter.this",
            "tls_private_key.ec2_key"
          ]
        }
      ]
    },
    {
      "mode": "managed",
      "type": "tls_private_key",
      "name": "ec2_key",
      "provider": "provider[\"registry.terraform.io/hashicorp/tls\"]",
      "instances": [
        {
          "schema_version": 1,
          "attributes": {
            "algorithm": "RSA",
            "ecdsa_curve": "P224",
            "id": "9e0bf900fcbfcdc564946a342a79b643f13922d6",
            "private_key_openssh": "-----BEGIN OPENSSH PRIVATE KEY-----\nb3BlbnNzaC1rZXktdjEAAAAABG5vbmUAAAAEbm9uZQAAAAAAAAABAAABFwAAAAdz\nc2gtcnNhAAAAAwEAAQAAAQEA1zdqmpMjqbYDSNIXpfX/zpJHMhjzEuaedkJASrHy\n97jM9iWZZUJRSlKa/v9KQzXMa5gCeXVFWrcQdG3zIHaJw/LEYD2tncrDTiy/Yplc\nNb+dH9Q124mqYQLpf0hFtvMr1hyfLrrsUvrIS88HwcN1YfCh0rfW/tQi/qAV6Bfy\n6Z6hur7UPruSmUi7KU5NU2YwIPT8mvdVIzIp5aTvB4xsvis+b1X51pr4VAFIZTUh\n+xagfKU5oyFE+AveL0XqLdyadU9AhDZ1kDm4x5A6tDi2Bd9sylhX07NM5X/yIpGs\nBN2hEEplyN31ACqpvTcr2nyxtAEy/vMd2fgkgxRmFivtGQAAA7hQD/naUA/52gAA\nAAdzc2gtcnNhAAABAQDXN2qakyOptgNI0hel9f/OkkcyGPMS5p52QkBKsfL3uMz2\nJZllQlFKUpr+/0pDNcxrmAJ5dUVatxB0bfMgdonD8sRgPa2dysNOLL9imVw1v50f\n1DXbiaphAul/SEW28yvWHJ8uuuxS+shLzwfBw3Vh8KHSt9b+1CL+oBXoF/LpnqG6\nvtQ+u5KZSLspTk1TZjAg9Pya91UjMinlpO8HjGy+Kz5vVfnWmvhUAUhlNSH7FqB8\npTmjIUT4C94vReot3Jp1T0CENnWQObjHkDq0OLYF32zKWFfTs0zlf/IikawE3aEQ\nSmXI3fUAKqm9NyvafLG0ATL+8x3Z+CSDFGYWK+0ZAAAAAwEAAQAAAQAONZt1PzfA\nkcLfwPdMvtQ36FKJDTqnSdC2kCM8i0k2b94gdlUNaXaCiLexFFvr2hZ4GB45tLNy\njNmqRkQiJZFs/Y9Xp1raKzP/6lZshSGgbtlJ67Hun8U/CHkwLS5lKOMBDPy5kh/e\nTq6AyteBRI1wfPnCNt8cDheNZjZsD4C7Sd31gaAYcb8VrJ6Nsp8lDdaxJX7nrL3j\nZjxlKJ2mfLkA7Z3vWb+MABRB/KS1x1ofhYrEvjZhMf0GsFhxRgt+QiRuKZyV150X\nApApJjLrb0eW6Du/fJ9IqZL+SQAFKWZ8FgUUKP7YIXfrJ2ixrHzaRpln20koaIJA\nGocDUFcWcEpxAAAAgQCGLfQJ5g9GDZ8Ya5c/VBE+NV1cSKu2rKXDsgpcAGOpwa1y\nD01xBeccevMMNGZGB9gw/L15J+z9+3FkCbrdpUzbHlu4cwcDn1sjduk99xizcBSN\nfmUBddTvFMdWHqRUrkADy/cV/vB0/hnYJyehe8Tn0Xsc2hXDde3Jyo7UGwWL1wAA\nAIEA5kRyJAe5sJhofqV/GyI9fQ4ky9KWRzG3hJlaMYPVnDd63589My4uDsk7BhIR\nBfsi4DqO1NrynXpY+xA7JqRrN8Nqr0fawBYz7HeLzIahIgZdDoaxzvuIRRikaTy4\n78TjUquUC916JYsvOw7C110Cg6LkPZVTaZzPminN3r7VmIUAAACBAO9EY+dpAoCY\neFT9YTh7h0H0NvROwpTi+glhDsKJjJod0JA3WwuJ+nmZ3fE+9nDoIQ2RXheq/i+0\nSNvOun4t8E82TEuxIo+iZIIypqb/IxV+5gUP+p6KYGqNYCk4l2F26SObjWjwhMLv\nyTYs71vXJGlwnv+5oenOAOTgzEX6i/CFAAAAAAEC\n-----END OPENSSH PRIVATE KEY-----\n",
            "private_key_pem": "-----BEGIN RSA PRIVATE KEY-----\nMIIEowIBAAKCAQEA1zdqmpMjqbYDSNIXpfX/zpJHMhjzEuaedkJASrHy97jM9iWZ\nZUJRSlKa/v9KQzXMa5gCeXVFWrcQdG3zIHaJw/LEYD2tncrDTiy/YplcNb+dH9Q1\n24mqYQLpf0hFtvMr1hyfLrrsUvrIS88HwcN1YfCh0rfW/tQi/qAV6Bfy6Z6hur7U\nPruSmUi7KU5NU2YwIPT8mvdVIzIp5aTvB4xsvis+b1X51pr4VAFIZTUh+xagfKU5\noyFE+AveL0XqLdyadU9AhDZ1kDm4x5A6tDi2Bd9sylhX07NM5X/yIpGsBN2hEEpl\nyN31ACqpvTcr2nyxtAEy/vMd2fgkgxRmFivtGQIDAQABAoIBAA41m3U/N8CRwt/A\n90y+1DfoUokNOqdJ0LaQIzyLSTZv3iB2VQ1pdoKIt7EUW+vaFngYHjm0s3KM2apG\nRCIlkWz9j1enWtorM//qVmyFIaBu2Unrse6fxT8IeTAtLmUo4wEM/LmSH95OroDK\n14FEjXB8+cI23xwOF41mNmwPgLtJ3fWBoBhxvxWsno2ynyUN1rElfuesveNmPGUo\nnaZ8uQDtne9Zv4wAFEH8pLXHWh+FisS+NmEx/QawWHFGC35CJG4pnJXXnRcCkCkm\nMutvR5boO798n0ipkv5JAAUpZnwWBRQo/tghd+snaLGsfNpGmWfbSShogkAahwNQ\nVxZwSnECgYEA5kRyJAe5sJhofqV/GyI9fQ4ky9KWRzG3hJlaMYPVnDd63589My4u\nDsk7BhIRBfsi4DqO1NrynXpY+xA7JqRrN8Nqr0fawBYz7HeLzIahIgZdDoaxzvuI\nRRikaTy478TjUquUC916JYsvOw7C110Cg6LkPZVTaZzPminN3r7VmIUCgYEA70Rj\n52kCgJh4VP1hOHuHQfQ29E7ClOL6CWEOwomMmh3QkDdbC4n6eZnd8T72cOghDZFe\nF6r+L7RI2866fi3wTzZMS7Eij6JkgjKmpv8jFX7mBQ/6nopgao1gKTiXYXbpI5uN\naPCEwu/JNizvW9ckaXCe/7mh6c4A5ODMRfqL8IUCgYB21rZNsAr+f/nV+tWZjFdN\nliIZayqRva/n6DkrOs3gnKV2iblNE7VDfklO/b35Zz39mVsjsYfrDDyl/h949vw6\nwEjsA1p7LjpH/P6SZJz+cWhPWeakWx5eArS/d04+uE9V2CVE5l3myGlswlZ+TYtB\noqzGt61f4UUnXBHatoSH/QKBgD++hK8+NsBz3nsmFiSqJFrZ6VolMYng/qRJC1mg\ns6jLkKkbVlI4rFaBO7PuBlIGRegLdnnvwFCNQ2vsI5tCOeegm6r+wipqJUTaobOT\n/ZDYggePPkHGs/EvQRM6VHpO58Xoxz/R9EzK/VxFlG9vXfAJZRLULeLQU0Sm70Ul\nfurRAoGBAIYt9AnmD0YNnxhrlz9UET41XVxIq7aspcOyClwAY6nBrXIPTXEF5xx6\n8ww0ZkYH2DD8vXkn7P37cWQJut2lTNseW7hzBwOfWyN26T33GLNwFI1+ZQF11O8U\nx1YepFSuQAPL9xX+8HT+GdgnJ6F7xOfRexzaFcN17cnKjtQbBYvX\n-----END RSA PRIVATE KEY-----\n",
            "private_key_pem_pkcs8": "-----BEGIN PRIVATE KEY-----\nMIIEvQIBADANBgkqhkiG9w0BAQEFAASCBKcwggSjAgEAAoIBAQDXN2qakyOptgNI\n0hel9f/OkkcyGPMS5p52QkBKsfL3uMz2JZllQlFKUpr+/0pDNcxrmAJ5dUVatxB0\nbfMgdonD8sRgPa2dysNOLL9imVw1v50f1DXbiaphAul/SEW28yvWHJ8uuuxS+shL\nzwfBw3Vh8KHSt9b+1CL+oBXoF/LpnqG6vtQ+u5KZSLspTk1TZjAg9Pya91UjMinl\npO8HjGy+Kz5vVfnWmvhUAUhlNSH7FqB8pTmjIUT4C94vReot3Jp1T0CENnWQObjH\nkDq0OLYF32zKWFfTs0zlf/IikawE3aEQSmXI3fUAKqm9NyvafLG0ATL+8x3Z+CSD\nFGYWK+0ZAgMBAAECggEADjWbdT83wJHC38D3TL7UN+hSiQ06p0nQtpAjPItJNm/e\nIHZVDWl2goi3sRRb69oWeBgeObSzcozZqkZEIiWRbP2PV6da2isz/+pWbIUhoG7Z\nSeux7p/FPwh5MC0uZSjjAQz8uZIf3k6ugMrXgUSNcHz5wjbfHA4XjWY2bA+Au0nd\n9YGgGHG/FayejbKfJQ3WsSV+56y942Y8ZSidpny5AO2d71m/jAAUQfyktcdaH4WK\nxL42YTH9BrBYcUYLfkIkbimcldedFwKQKSYy629Hlug7v3yfSKmS/kkABSlmfBYF\nFCj+2CF36ydosax82kaZZ9tJKGiCQBqHA1BXFnBKcQKBgQDmRHIkB7mwmGh+pX8b\nIj19DiTL0pZHMbeEmVoxg9WcN3rfnz0zLi4OyTsGEhEF+yLgOo7U2vKdelj7EDsm\npGs3w2qvR9rAFjPsd4vMhqEiBl0OhrHO+4hFGKRpPLjvxONSq5QL3Xoliy87DsLX\nXQKDouQ9lVNpnM+aKc3evtWYhQKBgQDvRGPnaQKAmHhU/WE4e4dB9Db0TsKU4voJ\nYQ7CiYyaHdCQN1sLifp5md3xPvZw6CENkV4Xqv4vtEjbzrp+LfBPNkxLsSKPomSC\nMqam/yMVfuYFD/qeimBqjWApOJdhdukjm41o8ITC78k2LO9b1yRpcJ7/uaHpzgDk\n4MxF+ovwhQKBgHbWtk2wCv5/+dX61ZmMV02WIhlrKpG9r+foOSs6zeCcpXaJuU0T\ntUN+SU79vflnPf2ZWyOxh+sMPKX+H3j2/DrASOwDWnsuOkf8/pJknP5xaE9Z5qRb\nHl4CtL93Tj64T1XYJUTmXebIaWzCVn5Ni0GirMa3rV/hRSdcEdq2hIf9AoGAP76E\nrz42wHPeeyYWJKokWtnpWiUxieD+pEkLWaCzqMuQqRtWUjisVoE7s+4GUgZF6At2\nee/AUI1Da+wjm0I556Cbqv7CKmolRNqhs5P9kNiCB48+Qcaz8S9BEzpUek7nxejH\nP9H0TMr9XEWUb29d8AllEtQt4tBTRKbvRSV+6tECgYEAhi30CeYPRg2fGGuXP1QR\nPjVdXEirtqylw7IKXABjqcGtcg9NcQXnHHrzDDRmRgfYMPy9eSfs/ftxZAm63aVM\n2x5buHMHA59bI3bpPfcYs3AUjX5lAXXU7xTHVh6kVK5AA8v3Ff7wdP4Z2CcnoXvE\n59F7HNoVw3XtycqO1BsFi9c=\n-----END PRIVATE KEY-----\n",
            "public_key_fingerprint_md5": "dd:37:e7:e7:7b:01:b2:1b:86:6c:da:99:a1:f8:b4:ef",
            "public_key_fingerprint_sha256": "SHA256:tNGH2uQeFkUoBsWkMa+nFTiDSJWbS4bue9HlxNevFjQ",
            "public_key_openssh": "ssh-rsa AAAAB3NzaC1yc2EAAAADAQABAAABAQDXN2qakyOptgNI0hel9f/OkkcyGPMS5p52QkBKsfL3uMz2JZllQlFKUpr+/0pDNcxrmAJ5dUVatxB0bfMgdonD8sRgPa2dysNOLL9imVw1v50f1DXbiaphAul/SEW28yvWHJ8uuuxS+shLzwfBw3Vh8KHSt9b+1CL+oBXoF/LpnqG6vtQ+u5KZSLspTk1TZjAg9Pya91UjMinlpO8HjGy+Kz5vVfnWmvhUAUhlNSH7FqB8pTmjIUT4C94vReot3Jp1T0CENnWQObjHkDq0OLYF32zKWFfTs0zlf/IikawE3aEQSmXI3fUAKqm9NyvafLG0ATL+8x3Z+CSDFGYWK+0Z\n",
            "public_key_pem": "-----BEGIN PUBLIC KEY-----\nMIIBIjANBgkqhkiG9w0BAQEFAAOCAQ8AMIIBCgKCAQEA1zdqmpMjqbYDSNIXpfX/\nzpJHMhjzEuaedkJASrHy97jM9iWZZUJRSlKa/v9KQzXMa5gCeXVFWrcQdG3zIHaJ\nw/LEYD2tncrDTiy/YplcNb+dH9Q124mqYQLpf0hFtvMr1hyfLrrsUvrIS88HwcN1\nYfCh0rfW/tQi/qAV6Bfy6Z6hur7UPruSmUi7KU5NU2YwIPT8mvdVIzIp5aTvB4xs\nvis+b1X51pr4VAFIZTUh+xagfKU5oyFE+AveL0XqLdyadU9AhDZ1kDm4x5A6tDi2\nBd9sylhX07NM5X/yIpGsBN2hEEplyN31ACqpvTcr2nyxtAEy/vMd2fgkgxRmFivt\nGQIDAQAB\n-----END PUBLIC KEY-----\n",
            "rsa_bits": 2048
          },
          "sensitive_attributes": []
        }
      ]
    },
    {
      "module": "module.ec2_instance[\"master\"]",
      "mode": "data",
      "type": "aws_partition",
      "name": "current",
      "provider": "provider[\"registry.terraform.io/hashicorp/aws\"]",
      "instances": [
        {
          "schema_version": 0,
          "attributes": {
            "dns_suffix": "amazonaws.com",
            "id": "aws",
            "partition": "aws",
            "reverse_dns_prefix": "com.amazonaws"
          },
          "sensitive_attributes": []
        }
      ]
    },
    {
      "module": "module.ec2_instance[\"master\"]",
      "mode": "managed",
      "type": "aws_instance",
      "name": "this",
      "provider": "provider[\"registry.terraform.io/hashicorp/aws\"]",
      "instances": [
        {
          "index_key": 0,
          "schema_version": 1,
          "attributes": {
            "ami": "ami-0890f15f1b4cdc55f",
            "arn": "arn:aws:ec2:us-east-1:650959877739:instance/i-038592107399aeac7",
            "associate_public_ip_address": true,
            "availability_zone": "us-east-1a",
            "capacity_reservation_specification": [
              {
                "capacity_reservation_preference": "open",
                "capacity_reservation_target": []
              }
            ],
            "cpu_core_count": 1,
            "cpu_options": [
              {
                "amd_sev_snp": "",
                "core_count": 1,
                "threads_per_core": 2
              }
            ],
            "cpu_threads_per_core": 2,
            "credit_specification": [
              {
                "cpu_credits": "unlimited"
              }
            ],
            "disable_api_stop": false,
            "disable_api_termination": false,
            "ebs_block_device": [],
            "ebs_optimized": false,
            "enclave_options": [
              {
                "enabled": false
              }
            ],
            "ephemeral_block_device": [],
            "get_password_data": false,
            "hibernation": false,
            "host_id": "",
            "host_resource_group_arn": null,
            "iam_instance_profile": "",
            "id": "i-038592107399aeac7",
            "instance_initiated_shutdown_behavior": "stop",
            "instance_lifecycle": "",
            "instance_market_options": [],
            "instance_state": "running",
            "instance_type": "t3.micro",
            "ipv6_address_count": 0,
            "ipv6_addresses": [],
            "key_name": "ansible-key",
            "launch_template": [],
            "maintenance_options": [
              {
                "auto_recovery": "default"
              }
            ],
            "metadata_options": [
              {
                "http_endpoint": "enabled",
                "http_protocol_ipv6": "disabled",
                "http_put_response_hop_limit": 1,
                "http_tokens": "optional",
                "instance_metadata_tags": "disabled"
              }
            ],
            "monitoring": true,
            "network_interface": [],
            "outpost_arn": "",
            "password_data": "",
            "placement_group": "",
            "placement_partition_number": 0,
            "primary_network_interface_id": "eni-0caad3e5f16962bc9",
            "private_dns": "ip-172-31-45-28.ec2.internal",
            "private_dns_name_options": [
              {
                "enable_resource_name_dns_a_record": false,
                "enable_resource_name_dns_aaaa_record": false,
                "hostname_type": "ip-name"
              }
            ],
            "private_ip": "172.31.45.28",
            "public_dns": "ec2-18-208-206-94.compute-1.amazonaws.com",
            "public_ip": "18.208.206.94",
            "root_block_device": [
              {
                "delete_on_termination": true,
                "device_name": "/dev/xvda",
                "encrypted": false,
                "iops": 0,
                "kms_key_id": "",
                "tags": {},
                "throughput": 0,
                "volume_id": "vol-054a5f6c9903389cd",
                "volume_size": 8,
                "volume_type": "standard"
              }
            ],
            "secondary_private_ips": [],
            "security_groups": [
              "ansible-Web-SG"
            ],
            "source_dest_check": true,
            "spot_instance_request_id": "",
            "subnet_id": "subnet-0dc007195c703e15d",
            "tags": {
              "Environment": "master",
              "Name": "master-instance",
              "Terraform": "true"
            },
            "tags_all": {
              "Environment": "master",
              "Name": "master-instance",
              "Terraform": "true"
            },
            "tenancy": "default",
            "timeouts": {
              "create": null,
              "delete": null,
              "update": null
            },
            "user_data": "b640bdb2b1867ccc67046d5b6bf8c72009c91745",
            "user_data_base64": null,
            "user_data_replace_on_change": false,
            "volume_tags": {
              "Name": "master-instance"
            },
            "vpc_security_group_ids": [
              "sg-0190834e31f2a21a0"
            ]
          },
          "sensitive_attributes": [],
          "private": "eyJlMmJmYjczMC1lY2FhLTExZTYtOGY4OC0zNDM2M2JjN2M0YzAiOnsiY3JlYXRlIjo2MDAwMDAwMDAwMDAsImRlbGV0ZSI6MTIwMDAwMDAwMDAwMCwidXBkYXRlIjo2MDAwMDAwMDAwMDB9LCJzY2hlbWFfdmVyc2lvbiI6IjEifQ==",
          "dependencies": [
            "aws_default_vpc.default_vpc",
            "aws_key_pair.ec2_key",
            "aws_security_group.web-sg",
            "data.aws_ami.amazon-2",
            "data.aws_ami.debian",
            "data.aws_ami.ubuntu",
            "module.ec2_instance.aws_iam_instance_profile.this",
            "module.ec2_instance.aws_iam_role.this",
            "module.ec2_instance.data.aws_iam_policy_document.assume_role_policy",
            "module.ec2_instance.data.aws_partition.current",
            "module.ec2_instance.data.aws_ssm_parameter.this",
            "tls_private_key.ec2_key"
          ]
        }
      ]
    },
    {
      "module": "module.ec2_instance[\"node1\"]",
      "mode": "data",
      "type": "aws_partition",
      "name": "current",
      "provider": "provider[\"registry.terraform.io/hashicorp/aws\"]",
      "instances": [
        {
          "schema_version": 0,
          "attributes": {
            "dns_suffix": "amazonaws.com",
            "id": "aws",
            "partition": "aws",
            "reverse_dns_prefix": "com.amazonaws"
          },
          "sensitive_attributes": []
        }
      ]
    },
    {
      "module": "module.ec2_instance[\"node1\"]",
      "mode": "managed",
      "type": "aws_instance",
      "name": "this",
      "provider": "provider[\"registry.terraform.io/hashicorp/aws\"]",
      "instances": [
        {
          "index_key": 0,
          "schema_version": 1,
          "attributes": {
            "ami": "ami-0890f15f1b4cdc55f",
            "arn": "arn:aws:ec2:us-east-1:650959877739:instance/i-05ba02b54af56644d",
            "associate_public_ip_address": true,
            "availability_zone": "us-east-1a",
            "capacity_reservation_specification": [
              {
                "capacity_reservation_preference": "open",
                "capacity_reservation_target": []
              }
            ],
            "cpu_core_count": 1,
            "cpu_options": [
              {
                "amd_sev_snp": "",
                "core_count": 1,
                "threads_per_core": 2
              }
            ],
            "cpu_threads_per_core": 2,
            "credit_specification": [
              {
                "cpu_credits": "unlimited"
              }
            ],
            "disable_api_stop": false,
            "disable_api_termination": false,
            "ebs_block_device": [],
            "ebs_optimized": false,
            "enclave_options": [
              {
                "enabled": false
              }
            ],
            "ephemeral_block_device": [],
            "get_password_data": false,
            "hibernation": false,
            "host_id": "",
            "host_resource_group_arn": null,
            "iam_instance_profile": "",
            "id": "i-05ba02b54af56644d",
            "instance_initiated_shutdown_behavior": "stop",
            "instance_lifecycle": "",
            "instance_market_options": [],
            "instance_state": "running",
            "instance_type": "t3.micro",
            "ipv6_address_count": 0,
            "ipv6_addresses": [],
            "key_name": "ansible-key",
            "launch_template": [],
            "maintenance_options": [
              {
                "auto_recovery": "default"
              }
            ],
            "metadata_options": [
              {
                "http_endpoint": "enabled",
                "http_protocol_ipv6": "disabled",
                "http_put_response_hop_limit": 1,
                "http_tokens": "optional",
                "instance_metadata_tags": "disabled"
              }
            ],
            "monitoring": true,
            "network_interface": [],
            "outpost_arn": "",
            "password_data": "",
            "placement_group": "",
            "placement_partition_number": 0,
            "primary_network_interface_id": "eni-02bc625f5c9f480d1",
            "private_dns": "ip-172-31-40-207.ec2.internal",
            "private_dns_name_options": [
              {
                "enable_resource_name_dns_a_record": false,
                "enable_resource_name_dns_aaaa_record": false,
                "hostname_type": "ip-name"
              }
            ],
            "private_ip": "172.31.40.207",
            "public_dns": "ec2-44-203-229-178.compute-1.amazonaws.com",
            "public_ip": "44.203.229.178",
            "root_block_device": [
              {
                "delete_on_termination": true,
                "device_name": "/dev/xvda",
                "encrypted": false,
                "iops": 0,
                "kms_key_id": "",
                "tags": {},
                "throughput": 0,
                "volume_id": "vol-0784139fa840da815",
                "volume_size": 8,
                "volume_type": "standard"
              }
            ],
            "secondary_private_ips": [],
            "security_groups": [
              "ansible-Web-SG"
            ],
            "source_dest_check": true,
            "spot_instance_request_id": "",
            "subnet_id": "subnet-0dc007195c703e15d",
            "tags": {
              "Environment": "node1",
              "Name": "node1-instance",
              "Terraform": "true"
            },
            "tags_all": {
              "Environment": "node1",
              "Name": "node1-instance",
              "Terraform": "true"
            },
            "tenancy": "default",
            "timeouts": {
              "create": null,
              "delete": null,
              "update": null
            },
            "user_data": "",
            "user_data_base64": null,
            "user_data_replace_on_change": false,
            "volume_tags": {
              "Name": "node1-instance"
            },
            "vpc_security_group_ids": [
              "sg-0190834e31f2a21a0"
            ]
          },
          "sensitive_attributes": [],
          "private": "eyJlMmJmYjczMC1lY2FhLTExZTYtOGY4OC0zNDM2M2JjN2M0YzAiOnsiY3JlYXRlIjo2MDAwMDAwMDAwMDAsImRlbGV0ZSI6MTIwMDAwMDAwMDAwMCwidXBkYXRlIjo2MDAwMDAwMDAwMDB9LCJzY2hlbWFfdmVyc2lvbiI6IjEifQ==",
          "dependencies": [
            "aws_default_vpc.default_vpc",
            "aws_key_pair.ec2_key",
            "aws_security_group.web-sg",
            "data.aws_ami.amazon-2",
            "data.aws_ami.debian",
            "data.aws_ami.ubuntu",
            "module.ec2_instance.aws_iam_instance_profile.this",
            "module.ec2_instance.aws_iam_role.this",
            "module.ec2_instance.data.aws_iam_policy_document.assume_role_policy",
            "module.ec2_instance.data.aws_partition.current",
            "module.ec2_instance.data.aws_ssm_parameter.this",
            "tls_private_key.ec2_key"
          ]
        }
      ]
    },
    {
      "module": "module.ec2_instance[\"node2\"]",
      "mode": "data",
      "type": "aws_partition",
      "name": "current",
      "provider": "provider[\"registry.terraform.io/hashicorp/aws\"]",
      "instances": [
        {
          "schema_version": 0,
          "attributes": {
            "dns_suffix": "amazonaws.com",
            "id": "aws",
            "partition": "aws",
            "reverse_dns_prefix": "com.amazonaws"
          },
          "sensitive_attributes": []
        }
      ]
    },
    {
      "module": "module.ec2_instance[\"node2\"]",
      "mode": "managed",
      "type": "aws_instance",
      "name": "this",
      "provider": "provider[\"registry.terraform.io/hashicorp/aws\"]",
      "instances": [
        {
          "index_key": 0,
          "schema_version": 1,
          "attributes": {
            "ami": "ami-0fea31578248bcd6c",
            "arn": "arn:aws:ec2:us-east-1:650959877739:instance/i-04687c13f8255b822",
            "associate_public_ip_address": true,
            "availability_zone": "us-east-1d",
            "capacity_reservation_specification": [
              {
                "capacity_reservation_preference": "open",
                "capacity_reservation_target": []
              }
            ],
            "cpu_core_count": 2,
            "cpu_options": [
              {
                "amd_sev_snp": "",
                "core_count": 2,
                "threads_per_core": 1
              }
            ],
            "cpu_threads_per_core": 1,
            "credit_specification": [
              {
                "cpu_credits": "unlimited"
              }
            ],
            "disable_api_stop": false,
            "disable_api_termination": false,
            "ebs_block_device": [],
            "ebs_optimized": false,
            "enclave_options": [
              {
                "enabled": false
              }
            ],
            "ephemeral_block_device": [],
            "get_password_data": false,
            "hibernation": false,
            "host_id": "",
            "host_resource_group_arn": null,
            "iam_instance_profile": "",
            "id": "i-04687c13f8255b822",
            "instance_initiated_shutdown_behavior": "stop",
            "instance_lifecycle": "",
            "instance_market_options": [],
            "instance_state": "running",
            "instance_type": "t4g.micro",
            "ipv6_address_count": 0,
            "ipv6_addresses": [],
            "key_name": "ansible-key",
            "launch_template": [],
            "maintenance_options": [
              {
                "auto_recovery": "default"
              }
            ],
            "metadata_options": [
              {
                "http_endpoint": "enabled",
                "http_protocol_ipv6": "disabled",
                "http_put_response_hop_limit": 1,
                "http_tokens": "optional",
                "instance_metadata_tags": "disabled"
              }
            ],
            "monitoring": true,
            "network_interface": [],
            "outpost_arn": "",
            "password_data": "",
            "placement_group": "",
            "placement_partition_number": 0,
            "primary_network_interface_id": "eni-081db7087442ea167",
            "private_dns": "ip-172-31-4-30.ec2.internal",
            "private_dns_name_options": [
              {
                "enable_resource_name_dns_a_record": false,
                "enable_resource_name_dns_aaaa_record": false,
                "hostname_type": "ip-name"
              }
            ],
            "private_ip": "172.31.4.30",
            "public_dns": "ec2-52-205-67-26.compute-1.amazonaws.com",
            "public_ip": "52.205.67.26",
            "root_block_device": [
              {
                "delete_on_termination": true,
                "device_name": "/dev/sda1",
                "encrypted": false,
                "iops": 100,
                "kms_key_id": "",
                "tags": {},
                "throughput": 0,
                "volume_id": "vol-0897bd16d324c8f81",
                "volume_size": 8,
                "volume_type": "gp2"
              }
            ],
            "secondary_private_ips": [],
            "security_groups": [
              "ansible-Web-SG"
            ],
            "source_dest_check": true,
            "spot_instance_request_id": "",
            "subnet_id": "subnet-06495dc0976258dc8",
            "tags": {
              "Environment": "node2",
              "Name": "node2-instance",
              "Terraform": "true"
            },
            "tags_all": {
              "Environment": "node2",
              "Name": "node2-instance",
              "Terraform": "true"
            },
            "tenancy": "default",
            "timeouts": {
              "create": null,
              "delete": null,
              "update": null
            },
            "user_data": "",
            "user_data_base64": null,
            "user_data_replace_on_change": false,
            "volume_tags": {
              "Name": "node2-instance"
            },
            "vpc_security_group_ids": [
              "sg-0190834e31f2a21a0"
            ]
          },
          "sensitive_attributes": [],
          "private": "eyJlMmJmYjczMC1lY2FhLTExZTYtOGY4OC0zNDM2M2JjN2M0YzAiOnsiY3JlYXRlIjo2MDAwMDAwMDAwMDAsImRlbGV0ZSI6MTIwMDAwMDAwMDAwMCwidXBkYXRlIjo2MDAwMDAwMDAwMDB9LCJzY2hlbWFfdmVyc2lvbiI6IjEifQ==",
          "dependencies": [
            "aws_default_vpc.default_vpc",
            "aws_key_pair.ec2_key",
            "aws_security_group.web-sg",
            "data.aws_ami.amazon-2",
            "data.aws_ami.debian",
            "data.aws_ami.ubuntu",
            "module.ec2_instance.aws_iam_instance_profile.this",
            "module.ec2_instance.aws_iam_role.this",
            "module.ec2_instance.data.aws_iam_policy_document.assume_role_policy",
            "module.ec2_instance.data.aws_partition.current",
            "module.ec2_instance.data.aws_ssm_parameter.this",
            "tls_private_key.ec2_key"
          ]
        }
      ]
    }
  ],
  "check_results": null
}
